
Microsoft Visual Studio Solution File, Format Version 12.00
# Visual Studio Version 17
VisualStudioVersion = 17.7.34024.191
MinimumVisualStudioVersion = 10.0.40219.1
Project("{FAE04EC0-301F-11D3-BF4B-00C04F79EFBC}") = "PZ_1.0", "PZ_1.0\PZ_1.0.csproj", "{78A422A8-ADC0-4D99-9744-09113A0002B6}"
EndProject
Global
	GlobalSection(SolutionConfigurationPlatforms) = preSolution
		Debug|Any CPU = Debug|Any CPU
		Release|Any CPU = Release|Any CPU
	EndGlobalSection
	GlobalSection(ProjectConfigurationPlatforms) = postSolution
		{78A422A8-ADC0-4D99-9744-09113A0002B6}.Debug|Any CPU.ActiveCfg = Debug|Any CPU
		{78A422A8-ADC0-4D99-9744-09113A0002B6}.Debug|Any CPU.Build.0 = Debug|Any CPU
		{78A422A8-ADC0-4D99-9744-09113A0002B6}.Release|Any CPU.ActiveCfg = Release|Any CPU
		{78A422A8-ADC0-4D99-9744-09113A0002B6}.Release|Any CPU.Build.0 = Release|Any CPU
	EndGlobalSection
	GlobalSection(SolutionProperties) = preSolution
		HideSolutionNode = FALSE
	EndGlobalSection
	GlobalSection(ExtensibilityGlobals) = postSolution
		SolutionGuid = {AD65C32E-7088-4053-AB32-A2EF3D427A88}
	EndGlobalSection
EndGlobal
